
Microsoft Visual Studio Solution File, Format Version 12.00
# Visual Studio 15
VisualStudioVersion = 15.0.28307.539
MinimumVisualStudioVersion = 10.0.40219.1
Project("{FAE04EC0-301F-11D3-BF4B-00C04F79EFBC}") = "Julcsival_gyakorlas_zh2rendelo", "Julcsival_gyakorlas_zh2rendelo\Julcsival_gyakorlas_zh2rendelo.csproj", "{6DCBB74E-E8CE-465C-A72F-2FF759DBB9EB}"
EndProject
Global
	GlobalSection(SolutionConfigurationPlatforms) = preSolution
		Debug|Any CPU = Debug|Any CPU
		Release|Any CPU = Release|Any CPU
	EndGlobalSection
	GlobalSection(ProjectConfigurationPlatforms) = postSolution
		{6DCBB74E-E8CE-465C-A72F-2FF759DBB9EB}.Debug|Any CPU.ActiveCfg = Debug|Any CPU
		{6DCBB74E-E8CE-465C-A72F-2FF759DBB9EB}.Debug|Any CPU.Build.0 = Debug|Any CPU
		{6DCBB74E-E8CE-465C-A72F-2FF759DBB9EB}.Release|Any CPU.ActiveCfg = Release|Any CPU
		{6DCBB74E-E8CE-465C-A72F-2FF759DBB9EB}.Release|Any CPU.Build.0 = Release|Any CPU
	EndGlobalSection
	GlobalSection(SolutionProperties) = preSolution
		HideSolutionNode = FALSE
	EndGlobalSection
	GlobalSection(ExtensibilityGlobals) = postSolution
		SolutionGuid = {895186D0-AFDA-4E26-A1D7-15B63FE47978}
	EndGlobalSection
EndGlobal
