
Microsoft Visual Studio Solution File, Format Version 12.00
# Visual Studio 14
VisualStudioVersion = 14.0.24720.0
MinimumVisualStudioVersion = 10.0.40219.1
Project("{FAE04EC0-301F-11D3-BF4B-00C04F79EFBC}") = "Gyak6_ZHmegoldás", "Gyak6_ZHmegoldás\Gyak6_ZHmegoldás.csproj", "{A6761B4F-E556-4AC9-ABE4-64E8B6A057FA}"
EndProject
Global
	GlobalSection(SolutionConfigurationPlatforms) = preSolution
		Debug|Any CPU = Debug|Any CPU
		Release|Any CPU = Release|Any CPU
	EndGlobalSection
	GlobalSection(ProjectConfigurationPlatforms) = postSolution
		{A6761B4F-E556-4AC9-ABE4-64E8B6A057FA}.Debug|Any CPU.ActiveCfg = Debug|Any CPU
		{A6761B4F-E556-4AC9-ABE4-64E8B6A057FA}.Debug|Any CPU.Build.0 = Debug|Any CPU
		{A6761B4F-E556-4AC9-ABE4-64E8B6A057FA}.Release|Any CPU.ActiveCfg = Release|Any CPU
		{A6761B4F-E556-4AC9-ABE4-64E8B6A057FA}.Release|Any CPU.Build.0 = Release|Any CPU
	EndGlobalSection
	GlobalSection(SolutionProperties) = preSolution
		HideSolutionNode = FALSE
	EndGlobalSection
EndGlobal
